
Microsoft Visual Studio Solution File, Format Version 12.00
# Visual Studio Version 17
VisualStudioVersion = 17.8.34511.84
MinimumVisualStudioVersion = 10.0.40219.1
Project("{9A19103F-16F7-4668-BE54-9A1E7A4F7556}") = "SugarDecoration.App", "SugarDecoration.App\SugarDecoration.App.csproj", "{D19F8C31-AFB8-4BE6-B92A-43484FC222C8}"
EndProject
Project("{9A19103F-16F7-4668-BE54-9A1E7A4F7556}") = "SugarDecoration.Data.Entities", "SugarDecoration.Data.Models\SugarDecoration.Data.Entities.csproj", "{A5A2514F-9219-4BE6-84F2-8737C91FA4B7}"
EndProject
Project("{9A19103F-16F7-4668-BE54-9A1E7A4F7556}") = "SugarDecoration.Data", "SugarDecoration.Data\SugarDecoration.Data.csproj", "{CE9A5C7C-C261-4D2D-90F1-C5354E4F9618}"
EndProject
Project("{9A19103F-16F7-4668-BE54-9A1E7A4F7556}") = "SugarDecoration.Services", "SugarDecoration.Services\SugarDecoration.Services.csproj", "{18D81CEC-D533-4DB5-BA21-50917F397A02}"
EndProject
Project("{9A19103F-16F7-4668-BE54-9A1E7A4F7556}") = "SugarDecoration.ViewModels", "SugarDecoration.ViewModels\SugarDecoration.ViewModels.csproj", "{380889FD-029A-4213-87FE-D28C8D27D18B}"
EndProject
Project("{9A19103F-16F7-4668-BE54-9A1E7A4F7556}") = "SugarDecoration.Common", "SugarDecoration.Common\SugarDecoration.Common.csproj", "{63FF57F8-2D45-4209-981B-FDF209AA9805}"
EndProject
Project("{FAE04EC0-301F-11D3-BF4B-00C04F79EFBC}") = "SugarDecoration.Core", "SugarDecoration.Core\SugarDecoration.Core.csproj", "{AF44EF63-A714-4554-85A8-7A9F812CCC5E}"
EndProject
Global
	GlobalSection(SolutionConfigurationPlatforms) = preSolution
		Debug|Any CPU = Debug|Any CPU
		Release|Any CPU = Release|Any CPU
	EndGlobalSection
	GlobalSection(ProjectConfigurationPlatforms) = postSolution
		{D19F8C31-AFB8-4BE6-B92A-43484FC222C8}.Debug|Any CPU.ActiveCfg = Debug|Any CPU
		{D19F8C31-AFB8-4BE6-B92A-43484FC222C8}.Debug|Any CPU.Build.0 = Debug|Any CPU
		{D19F8C31-AFB8-4BE6-B92A-43484FC222C8}.Release|Any CPU.ActiveCfg = Release|Any CPU
		{D19F8C31-AFB8-4BE6-B92A-43484FC222C8}.Release|Any CPU.Build.0 = Release|Any CPU
		{A5A2514F-9219-4BE6-84F2-8737C91FA4B7}.Debug|Any CPU.ActiveCfg = Debug|Any CPU
		{A5A2514F-9219-4BE6-84F2-8737C91FA4B7}.Debug|Any CPU.Build.0 = Debug|Any CPU
		{A5A2514F-9219-4BE6-84F2-8737C91FA4B7}.Release|Any CPU.ActiveCfg = Release|Any CPU
		{A5A2514F-9219-4BE6-84F2-8737C91FA4B7}.Release|Any CPU.Build.0 = Release|Any CPU
		{CE9A5C7C-C261-4D2D-90F1-C5354E4F9618}.Debug|Any CPU.ActiveCfg = Debug|Any CPU
		{CE9A5C7C-C261-4D2D-90F1-C5354E4F9618}.Debug|Any CPU.Build.0 = Debug|Any CPU
		{CE9A5C7C-C261-4D2D-90F1-C5354E4F9618}.Release|Any CPU.ActiveCfg = Release|Any CPU
		{CE9A5C7C-C261-4D2D-90F1-C5354E4F9618}.Release|Any CPU.Build.0 = Release|Any CPU
		{18D81CEC-D533-4DB5-BA21-50917F397A02}.Debug|Any CPU.ActiveCfg = Debug|Any CPU
		{18D81CEC-D533-4DB5-BA21-50917F397A02}.Debug|Any CPU.Build.0 = Debug|Any CPU
		{18D81CEC-D533-4DB5-BA21-50917F397A02}.Release|Any CPU.ActiveCfg = Release|Any CPU
		{18D81CEC-D533-4DB5-BA21-50917F397A02}.Release|Any CPU.Build.0 = Release|Any CPU
		{380889FD-029A-4213-87FE-D28C8D27D18B}.Debug|Any CPU.ActiveCfg = Debug|Any CPU
		{380889FD-029A-4213-87FE-D28C8D27D18B}.Debug|Any CPU.Build.0 = Debug|Any CPU
		{380889FD-029A-4213-87FE-D28C8D27D18B}.Release|Any CPU.ActiveCfg = Release|Any CPU
		{380889FD-029A-4213-87FE-D28C8D27D18B}.Release|Any CPU.Build.0 = Release|Any CPU
		{63FF57F8-2D45-4209-981B-FDF209AA9805}.Debug|Any CPU.ActiveCfg = Debug|Any CPU
		{63FF57F8-2D45-4209-981B-FDF209AA9805}.Debug|Any CPU.Build.0 = Debug|Any CPU
		{63FF57F8-2D45-4209-981B-FDF209AA9805}.Release|Any CPU.ActiveCfg = Release|Any CPU
		{63FF57F8-2D45-4209-981B-FDF209AA9805}.Release|Any CPU.Build.0 = Release|Any CPU
		{AF44EF63-A714-4554-85A8-7A9F812CCC5E}.Debug|Any CPU.ActiveCfg = Debug|Any CPU
		{AF44EF63-A714-4554-85A8-7A9F812CCC5E}.Debug|Any CPU.Build.0 = Debug|Any CPU
		{AF44EF63-A714-4554-85A8-7A9F812CCC5E}.Release|Any CPU.ActiveCfg = Release|Any CPU
		{AF44EF63-A714-4554-85A8-7A9F812CCC5E}.Release|Any CPU.Build.0 = Release|Any CPU
	EndGlobalSection
	GlobalSection(SolutionProperties) = preSolution
		HideSolutionNode = FALSE
	EndGlobalSection
	GlobalSection(ExtensibilityGlobals) = postSolution
		SolutionGuid = {BD2CF6AF-59B2-4165-8D2E-364C4E62B2F4}
	EndGlobalSection
EndGlobal
